
Microsoft Visual Studio Solution File, Format Version 12.00
# Visual Studio Version 17
VisualStudioVersion = 17.8.34322.80
MinimumVisualStudioVersion = 10.0.40219.1
Project("{FAE04EC0-301F-11D3-BF4B-00C04F79EFBC}") = "WheelApp", "WheelApp\WheelApp.csproj", "{02EF5CE6-F25E-48D8-A794-2BAFDA1DCEAD}"
EndProject
Global
	GlobalSection(SolutionConfigurationPlatforms) = preSolution
		Debug|Any CPU = Debug|Any CPU
		Release|Any CPU = Release|Any CPU
	EndGlobalSection
	GlobalSection(ProjectConfigurationPlatforms) = postSolution
		{02EF5CE6-F25E-48D8-A794-2BAFDA1DCEAD}.Debug|Any CPU.ActiveCfg = Debug|Any CPU
		{02EF5CE6-F25E-48D8-A794-2BAFDA1DCEAD}.Debug|Any CPU.Build.0 = Debug|Any CPU
		{02EF5CE6-F25E-48D8-A794-2BAFDA1DCEAD}.Release|Any CPU.ActiveCfg = Release|Any CPU
		{02EF5CE6-F25E-48D8-A794-2BAFDA1DCEAD}.Release|Any CPU.Build.0 = Release|Any CPU
	EndGlobalSection
	GlobalSection(SolutionProperties) = preSolution
		HideSolutionNode = FALSE
	EndGlobalSection
	GlobalSection(ExtensibilityGlobals) = postSolution
		SolutionGuid = {D03E4D87-E0AE-49E7-A0A5-4A78BC71868D}
	EndGlobalSection
EndGlobal
